PODS:
  - Alamofire (4.5.1)
  - SVProgressHUD (2.2.1)
  - Unbox (2.5.0)

DEPENDENCIES:
  - Alamofire
  - SVProgressHUD
  - Unbox

SPEC CHECKSUMS:
  Alamofire: 2d95912bf4c34f164fdfc335872e8c312acaea4a
  SVProgressHUD: db27c54e6e18bc903341661fc9feb55e04905cc4
  Unbox: 30e437e6151a6de16139375fd4e8dd9a664cfbf7

PODFILE CHECKSUM: a38b93c2edc8fd884a8158d09f9c2d6b444a8b94

COCOAPODS: 1.2.1
